
Microsoft Visual Studio Solution File, Format Version 12.00
# Visual Studio Version 17
VisualStudioVersion = 17.14.36414.22
MinimumVisualStudioVersion = 10.0.40219.1
Project("{FAE04EC0-301F-11D3-BF4B-00C04F79EFBC}") = "ArcGisMcpServer", "McpServer\ArcGisMcpServer\ArcGisMcpServer.csproj", "{8E273BB5-063C-AC4B-B493-64B10D24356D}"
EndProject
Project("{FAE04EC0-301F-11D3-BF4B-00C04F79EFBC}") = "APBridgeAddIn", "AddIn\APBridgeAddIn\APBridgeAddIn.csproj", "{DFB5FE5F-2CCE-8D94-FBC8-F27964369175}"
EndProject
Global
	GlobalSection(SolutionConfigurationPlatforms) = preSolution
		Debug|Any CPU = Debug|Any CPU
		Release|Any CPU = Release|Any CPU
	EndGlobalSection
	GlobalSection(ProjectConfigurationPlatforms) = postSolution
		{8E273BB5-063C-AC4B-B493-64B10D24356D}.Debug|Any CPU.ActiveCfg = Debug|Any CPU
		{8E273BB5-063C-AC4B-B493-64B10D24356D}.Debug|Any CPU.Build.0 = Debug|Any CPU
		{8E273BB5-063C-AC4B-B493-64B10D24356D}.Release|Any CPU.ActiveCfg = Release|Any CPU
		{8E273BB5-063C-AC4B-B493-64B10D24356D}.Release|Any CPU.Build.0 = Release|Any CPU
		{DFB5FE5F-2CCE-8D94-FBC8-F27964369175}.Debug|Any CPU.ActiveCfg = Debug|Any CPU
		{DFB5FE5F-2CCE-8D94-FBC8-F27964369175}.Debug|Any CPU.Build.0 = Debug|Any CPU
		{DFB5FE5F-2CCE-8D94-FBC8-F27964369175}.Release|Any CPU.ActiveCfg = Release|Any CPU
		{DFB5FE5F-2CCE-8D94-FBC8-F27964369175}.Release|Any CPU.Build.0 = Release|Any CPU
	EndGlobalSection
	GlobalSection(SolutionProperties) = preSolution
		HideSolutionNode = FALSE
	EndGlobalSection
	GlobalSection(ExtensibilityGlobals) = postSolution
		SolutionGuid = {19C92163-8030-4074-98F3-1ACCFD026EC3}
	EndGlobalSection
EndGlobal
